PODS:
  - SnapKit (5.7.1)
  - SwiftLint (0.58.1)

DEPENDENCIES:
  - SnapKit
  - SwiftLint

SPEC REPOS:
  trunk:
    - SnapKit
    - SwiftLint

SPEC CHECKSUMS:
  SnapKit: d612e99e678a2d3b95bf60b0705ed0a35c03484a
  SwiftLint: 6c8820d22c8f74baadd5684e00bb7356c34610a1

PODFILE CHECKSUM: 5c039d4c0365aa0d01cfa25a2ad9a73e6fafedca

COCOAPODS: 1.16.2
